
Microsoft Visual Studio Solution File, Format Version 12.00
# Visual Studio Version 16
VisualStudioVersion = 16.0.30907.101
MinimumVisualStudioVersion = 10.0.40219.1
Project("{9A19103F-16F7-4668-BE54-9A1E7A4F7556}") = "Kamp", "Kamp.csproj", "{CFD6C576-18AD-442F-9678-A03B45AB9CE6}"
EndProject
Global
	GlobalSection(SolutionConfigurationPlatforms) = preSolution
		Debug|Any CPU = Debug|Any CPU
		Release|Any CPU = Release|Any CPU
	EndGlobalSection
	GlobalSection(ProjectConfigurationPlatforms) = postSolution
		{CFD6C576-18AD-442F-9678-A03B45AB9CE6}.Debug|Any CPU.ActiveCfg = Debug|Any CPU
		{CFD6C576-18AD-442F-9678-A03B45AB9CE6}.Debug|Any CPU.Build.0 = Debug|Any CPU
		{CFD6C576-18AD-442F-9678-A03B45AB9CE6}.Release|Any CPU.ActiveCfg = Release|Any CPU
		{CFD6C576-18AD-442F-9678-A03B45AB9CE6}.Release|Any CPU.Build.0 = Release|Any CPU
	EndGlobalSection
	GlobalSection(SolutionProperties) = preSolution
		HideSolutionNode = FALSE
	EndGlobalSection
	GlobalSection(ExtensibilityGlobals) = postSolution
		SolutionGuid = {35E616FC-9E56-4432-B7B4-2A56A8909906}
	EndGlobalSection
EndGlobal
